
Microsoft Visual Studio Solution File, Format Version 12.00
# Visual Studio Version 16
VisualStudioVersion = 16.0.30907.101
MinimumVisualStudioVersion = 10.0.40219.1
Project("{FAE04EC0-301F-11D3-BF4B-00C04F79EFBC}") = "XD", "XD\XD.csproj", "{05CD6D62-C8A7-4C49-BBFC-2FB1C1255886}"
EndProject
Global
	GlobalSection(SolutionConfigurationPlatforms) = preSolution
		Debug|Any CPU = Debug|Any CPU
		Release|Any CPU = Release|Any CPU
	EndGlobalSection
	GlobalSection(ProjectConfigurationPlatforms) = postSolution
		{05CD6D62-C8A7-4C49-BBFC-2FB1C1255886}.Debug|Any CPU.ActiveCfg = Debug|Any CPU
		{05CD6D62-C8A7-4C49-BBFC-2FB1C1255886}.Debug|Any CPU.Build.0 = Debug|Any CPU
		{05CD6D62-C8A7-4C49-BBFC-2FB1C1255886}.Release|Any CPU.ActiveCfg = Release|Any CPU
		{05CD6D62-C8A7-4C49-BBFC-2FB1C1255886}.Release|Any CPU.Build.0 = Release|Any CPU
	EndGlobalSection
	GlobalSection(SolutionProperties) = preSolution
		HideSolutionNode = FALSE
	EndGlobalSection
	GlobalSection(ExtensibilityGlobals) = postSolution
		SolutionGuid = {54687379-98BB-49C0-A5E9-05E618541E77}
	EndGlobalSection
EndGlobal
